PODS:
  - Flutter (1.0.0)
  - JCore (3.2.9)
  - JVerification (2.9.5):
    - JCore (>= 2.1.6)
  - jverify (0.0.1):
    - Flutter
    - JCore (~> 3.2.5)
    - JVerification (~> 2.9.5)

DEPENDENCIES:
  - Flutter (from `Flutter`)
  - jverify (from `.symlinks/plugins/jverify/ios`)

SPEC REPOS:
  trunk:
    - JCore
    - JVerification

EXTERNAL SOURCES:
  Flutter:
    :path: Flutter
  jverify:
    :path: ".symlinks/plugins/jverify/ios"

SPEC CHECKSUMS:
  Flutter: f04841e97a9d0b0a8025694d0796dd46242b2854
  JCore: 077afdffd7772ecc3f9faef9727af040d31f1d7b
  JVerification: 2e355f4001015aae8808b565cc07f9d6551ad3e5
  jverify: 316a1b6008f6bfa1971ab3f6007a69909db389ea

PODFILE CHECKSUM: 663715e941f9adb426e33bf9376914006f9ea95b

COCOAPODS: 1.11.3
